
Microsoft Visual Studio Solution File, Format Version 12.00
# Visual Studio 15
VisualStudioVersion = 15.0.26403.7
MinimumVisualStudioVersion = 10.0.40219.1
Project("{FAE04EC0-301F-11D3-BF4B-00C04F79EFBC}") = "TestAzureSearch", "TestAzureSearch\TestAzureSearch.csproj", "{5EB765BC-56B4-4F2C-8B25-2C765608F525}"
EndProject
Project("{FAE04EC0-301F-11D3-BF4B-00C04F79EFBC}") = "Demo", "Demo\Demo.csproj", "{22532EC7-CAF4-4929-8FBA-193319B3C93E}"
EndProject
Global
	GlobalSection(SolutionConfigurationPlatforms) = preSolution
		Debug|Any CPU = Debug|Any CPU
		Release|Any CPU = Release|Any CPU
	EndGlobalSection
	GlobalSection(ProjectConfigurationPlatforms) = postSolution
		{5EB765BC-56B4-4F2C-8B25-2C765608F525}.Debug|Any CPU.ActiveCfg = Debug|Any CPU
		{5EB765BC-56B4-4F2C-8B25-2C765608F525}.Debug|Any CPU.Build.0 = Debug|Any CPU
		{5EB765BC-56B4-4F2C-8B25-2C765608F525}.Release|Any CPU.ActiveCfg = Release|Any CPU
		{5EB765BC-56B4-4F2C-8B25-2C765608F525}.Release|Any CPU.Build.0 = Release|Any CPU
		{22532EC7-CAF4-4929-8FBA-193319B3C93E}.Debug|Any CPU.ActiveCfg = Debug|Any CPU
		{22532EC7-CAF4-4929-8FBA-193319B3C93E}.Debug|Any CPU.Build.0 = Debug|Any CPU
		{22532EC7-CAF4-4929-8FBA-193319B3C93E}.Release|Any CPU.ActiveCfg = Release|Any CPU
		{22532EC7-CAF4-4929-8FBA-193319B3C93E}.Release|Any CPU.Build.0 = Release|Any CPU
	EndGlobalSection
	GlobalSection(SolutionProperties) = preSolution
		HideSolutionNode = FALSE
	EndGlobalSection
EndGlobal
